{
  "name": "tokyo-nights",
  "version": "1.0.0",
  "lockfileVersion": 3,
  "requires": true,
  "packages": {
    "": {
      "name": "tokyo-nights",
      "version": "1.0.0",
      "dependencies": {
        "three": "0.180.0"
      },
      "devDependencies": {
        "@fontsource/press-start-2p": "^5.2.7",
        "@playwright/test": "^1.58.2",
        "iwer": "2.4.0",
        "simple-icons": "16.31.0"
      }
    },
    "node_modules/@fontsource/press-start-2p": {
      "version": "5.3.0",
      "resolved": "https://registry.npmjs.org/@fontsource/press-start-2p/-/press-start-2p-5.3.0.tgz",
      "integrity": "sha512-gxWFxdeDglPhEYSwEeooomcaFK8kSQYLQwVxfnOJeYRj2sPEHXjpVtFgEaYfqzOjuAJGrIcJOipu2KY5YkbyuQ==",
      "dev": true,
      "license": "OFL-1.1",
      "funding": {
        "url": "https://github.com/sponsors/ayuhito"
      }
    },
    "node_modules/@playwright/test": {
      "version": "1.63.0",
      "resolved": "https://registry.npmjs.org/@playwright/test/-/test-1.63.0.tgz",
      "integrity": "sha512-oxMK4vllB9RK5NQ2l1pq1IfOf2AvnEuj/vYGDj0H2nMtmtZpKtCwt/l00GEO6xjGfpBNAvjovvYdCm50dRQkpQ==",
      "dev": true,
      "license": "Apache-2.0",
      "dependencies": {
        "playwright": "1.63.0"
      },
      "bin": {
        "playwright": "cli.js"
      },
      "engines": {
        "node": ">=20"
      }
    },
    "node_modules/gl-matrix": {
      "version": "3.4.4",
      "resolved": "https://registry.npmjs.org/gl-matrix/-/gl-matrix-3.4.4.tgz",
      "integrity": "sha512-latSnyDNt/8zYUB6VIJ6PCh2jBjJX6gnDsoCZ7LyW7GkqrD51EWwa9qCoGixj8YqBtETQK/xY7OmpTF8xz1DdQ==",
      "dev": true,
      "license": "MIT"
    },
    "node_modules/iwer": {
      "version": "2.4.0",
      "resolved": "https://registry.npmjs.org/iwer/-/iwer-2.4.0.tgz",
      "integrity": "sha512-ebapL2S3QVApXysyQx+BsD6gdaOEx4GVCQWXUlF//mFheZbvHVms9FxjOG062EYZ4KTLLRydbaWD6p8rBemNkg==",
      "dev": true,
      "license": "MIT",
      "dependencies": {
        "gl-matrix": "^3.4.4",
        "webxr-layers-polyfill": "^1.1.0"
      }
    },
    "node_modules/playwright": {
      "version": "1.63.0",
      "resolved": "https://registry.npmjs.org/playwright/-/playwright-1.63.0.tgz",
      "integrity": "sha512-+7ziBLidS4NaNCdt57SUDT+wYmmd5fmiQejUic/kb+YsYSCPyOOE9sebzMjNmQrsnNpDJqd4WHvV/8lfKfUDUg==",
      "dev": true,
      "license": "Apache-2.0",
      "dependencies": {
        "playwright-core": "1.63.0"
      },
      "bin": {
        "playwright": "cli.js"
      },
      "engines": {
        "node": ">=20"
      }
    },
    "node_modules/playwright-core": {
      "version": "1.63.0",
      "resolved": "https://registry.npmjs.org/playwright-core/-/playwright-core-1.63.0.tgz",
      "integrity": "sha512-rYCsBF/M5HjUch52bbtVONEFjv6Xu8sm8h72dNlR5bzIE1fvC/bxgspzkjSfU+MweEMmPM8KJebG6nnyxo5mCg==",
      "dev": true,
      "license": "Apache-2.0",
      "bin": {
        "playwright-core": "cli.js"
      },
      "engines": {
        "node": ">=20"
      }
    },
    "node_modules/simple-icons": {
      "version": "16.31.0",
      "resolved": "https://registry.npmjs.org/simple-icons/-/simple-icons-16.31.0.tgz",
      "integrity": "sha512-dDEqvQrmxL7ZnqQtGHGjCNW6CfiwzAif+83Hol9JXAnAB6wh2zsZD7Sc1kWT0O/RRAKt7xfG8W6UZhYBPD+GAA==",
      "dev": true,
      "funding": [
        {
          "type": "opencollective",
          "url": "https://opencollective.com/simple-icons"
        },
        {
          "type": "github",
          "url": "https://github.com/sponsors/simple-icons"
        }
      ],
      "license": "CC0-1.0",
      "engines": {
        "node": ">=0.12.18"
      }
    },
    "node_modules/three": {
      "version": "0.180.0",
      "resolved": "https://registry.npmjs.org/three/-/three-0.180.0.tgz",
      "integrity": "sha512-o+qycAMZrh+TsE01GqWUxUIKR1AL0S8pq7zDkYOQw8GqfX8b8VoCKYUoHbhiX5j+7hr8XsuHDVU6+gkQJQKg9w==",
      "license": "MIT"
    },
    "node_modules/webxr-layers-polyfill": {
      "version": "1.1.0",
      "resolved": "https://registry.npmjs.org/webxr-layers-polyfill/-/webxr-layers-polyfill-1.1.0.tgz",
      "integrity": "sha512-GqWE6IFlut8a1Lnh9t1RPnOXud1rZ7wLPvWp7mqTDOYtgorXqlNMhEnI9EqjU33grBx0v3jm0Oc13opkAdmgMQ==",
      "dev": true,
      "license": "Apache-2.0",
      "dependencies": {
        "gl-matrix": "^3.4.3"
      }
    }
  }
}
